
Microsoft Visual Studio Solution File, Format Version 12.00
# Visual Studio 15
VisualStudioVersion = 15.0.28307.271
MinimumVisualStudioVersion = 10.0.40219.1
Project("{9A19103F-16F7-4668-BE54-9A1E7A4F7556}") = "CodeWithQB.Core", "src\CodeWithQB.Core\CodeWithQB.Core.csproj", "{F10A86FC-410E-494F-8100-C7EDAC010FE5}"
EndProject
Project("{9A19103F-16F7-4668-BE54-9A1E7A4F7556}") = "CodeWithQB.Infrastructure", "src\CodeWithQB.Infrastructure\CodeWithQB.Infrastructure.csproj", "{31A3D481-90B0-46C5-932F-1ED2BA53EB20}"
EndProject
Project("{9A19103F-16F7-4668-BE54-9A1E7A4F7556}") = "CodeWithQB.API", "src\CodeWithQB.API\CodeWithQB.API.csproj", "{55EEC40D-0287-4168-899E-5A5BEEBD6761}"
EndProject
Global
	GlobalSection(SolutionConfigurationPlatforms) = preSolution
		Debug|Any CPU = Debug|Any CPU
		Release|Any CPU = Release|Any CPU
	EndGlobalSection
	GlobalSection(ProjectConfigurationPlatforms) = postSolution
		{F10A86FC-410E-494F-8100-C7EDAC010FE5}.Debug|Any CPU.ActiveCfg = Debug|Any CPU
		{F10A86FC-410E-494F-8100-C7EDAC010FE5}.Debug|Any CPU.Build.0 = Debug|Any CPU
		{F10A86FC-410E-494F-8100-C7EDAC010FE5}.Release|Any CPU.ActiveCfg = Release|Any CPU
		{F10A86FC-410E-494F-8100-C7EDAC010FE5}.Release|Any CPU.Build.0 = Release|Any CPU
		{31A3D481-90B0-46C5-932F-1ED2BA53EB20}.Debug|Any CPU.ActiveCfg = Debug|Any CPU
		{31A3D481-90B0-46C5-932F-1ED2BA53EB20}.Debug|Any CPU.Build.0 = Debug|Any CPU
		{31A3D481-90B0-46C5-932F-1ED2BA53EB20}.Release|Any CPU.ActiveCfg = Release|Any CPU
		{31A3D481-90B0-46C5-932F-1ED2BA53EB20}.Release|Any CPU.Build.0 = Release|Any CPU
		{55EEC40D-0287-4168-899E-5A5BEEBD6761}.Debug|Any CPU.ActiveCfg = Debug|Any CPU
		{55EEC40D-0287-4168-899E-5A5BEEBD6761}.Debug|Any CPU.Build.0 = Debug|Any CPU
		{55EEC40D-0287-4168-899E-5A5BEEBD6761}.Release|Any CPU.ActiveCfg = Release|Any CPU
		{55EEC40D-0287-4168-899E-5A5BEEBD6761}.Release|Any CPU.Build.0 = Release|Any CPU
	EndGlobalSection
	GlobalSection(SolutionProperties) = preSolution
		HideSolutionNode = FALSE
	EndGlobalSection
	GlobalSection(ExtensibilityGlobals) = postSolution
		SolutionGuid = {B101007B-BF4D-4186-A170-EA3298AD996A}
	EndGlobalSection
EndGlobal
